// !$*UTF8*$!
{
	archiveVersion = 1;
	classes = {
	};
	objectVersion = 46;
	objects = {

/* Begin PBXBuildFile section */
		BAE7CD221E76968E00BEF814 /* Main.storyboard in Resources */ = {isa = PBXBuildFile; fileRef = BAE7CD201E76968E00BEF814 /* Main.storyboard */; };
		BAE7CD241E76968E00BEF814 /* Assets.xcassets in Resources */ = {isa = PBXBuildFile; fileRef = BAE7CD231E76968E00BEF814 /* Assets.xcassets */; };
		BAE7CD321E76968E00BEF814 /* _____Tests.m in Sources */ = {isa = PBXBuildFile; fileRef = BAE7CD311E76968E00BEF814 /* _____Tests.m */; };
		BAE7CD3D1E76968E00BEF814 /* _____UITests.m in Sources */ = {isa = PBXBuildFile; fileRef = BAE7CD3C1E76968E00BEF814 /* _____UITests.m */; };
		BAE7CD881E76E77A00BEF814 /* HD_EssenceViewController.m in Sources */ = {isa = PBXBuildFile; fileRef = BAE7CD651E76E77A00BEF814 /* HD_EssenceViewController.m */; };
		BAE7CD891E76E77A00BEF814 /* HD_FollowViewController.m in Sources */ = {isa = PBXBuildFile; fileRef = BAE7CD6B1E76E77A00BEF814 /* HD_FollowViewController.m */; };
		BAE7CD8A1E76E77A00BEF814 /* HD_MeViewController.m in Sources */ = {isa = PBXBuildFile; fileRef = BAE7CD711E76E77A00BEF814 /* HD_MeViewController.m */; };
		BAE7CD8B1E76E77A00BEF814 /* HD_NewViewController.m in Sources */ = {isa = PBXBuildFile; fileRef = BAE7CD771E76E77A00BEF814 /* HD_NewViewController.m */; };
		BAE7CD8C1E76E77A00BEF814 /* AppDelegate.m in Sources */ = {isa = PBXBuildFile; fileRef = BAE7CD7C1E76E77A00BEF814 /* AppDelegate.m */; };
		BAE7CD8D1E76E77A00BEF814 /* UIView+HD_Extension.m in Sources */ = {isa = PBXBuildFile; fileRef = BAE7CD7F1E76E77A00BEF814 /* UIView+HD_Extension.m */; };
		BAE7CD8E1E76E77A00BEF814 /* HD_TabBarController.m in Sources */ = {isa = PBXBuildFile; fileRef = BAE7CD821E76E77A00BEF814 /* HD_TabBarController.m */; };
		BAE7CD8F1E76E77A00BEF814 /* main.m in Sources */ = {isa = PBXBuildFile; fileRef = BAE7CD831E76E77A00BEF814 /* main.m */; };
		BAE7CD901E76E77A00BEF814 /* HD_TabBar.m in Sources */ = {isa = PBXBuildFile; fileRef = BAE7CD871E76E77A00BEF814 /* HD_TabBar.m */; };
		BAE7CD931E76F10600BEF814 /* HD_ItemManager.m in Sources */ = {isa = PBXBuildFile; fileRef = BAE7CD921E76F10600BEF814 /* HD_ItemManager.m */; };
		BAE7CD961E76F84500BEF814 /* HD_BaseViewController.m in Sources */ = {isa = PBXBuildFile; fileRef = BAE7CD951E76F84500BEF814 /* HD_BaseViewController.m */; };
/* End PBXBuildFile section */

/* Begin PBXContainerItemProxy section */
		BAE7CD2E1E76968E00BEF814 /* PBXContainerItemProxy */ = {
			isa = PBXContainerItemProxy;
			containerPortal = BAE7CD0C1E76968D00BEF814 /* Project object */;
			proxyType = 1;
			remoteGlobalIDString = BAE7CD131E76968E00BEF814;
			remoteInfo = "百思不得姐";
		};
		BAE7CD391E76968E00BEF814 /* PBXContainerItemProxy */ = {
			isa = PBXContainerItemProxy;
			containerPortal = BAE7CD0C1E76968D00BEF814 /* Project object */;
			proxyType = 1;
			remoteGlobalIDString = BAE7CD131E76968E00BEF814;
			remoteInfo = "百思不得姐";
		};
/* End PBXContainerItemProxy section */

/* Begin PBXFileReference section */
		BAE7CD141E76968E00BEF814 /* 百思不得姐.app */ = {isa = PBXFileReference; explicitFileType = wrapper.application; includeInIndex = 0; path = "百思不得姐.app"; sourceTree = BUILT_PRODUCTS_DIR; };
		BAE7CD211E76968E00BEF814 /* Base */ = {isa = PBXFileReference; lastKnownFileType = file.storyboard; name = Base; path = Base.lproj/Main.storyboard; sourceTree = "<group>"; };
		BAE7CD231E76968E00BEF814 /* Assets.xcassets */ = {isa = PBXFileReference; lastKnownFileType = folder.assetcatalog; path = Assets.xcassets; sourceTree = "<group>"; };
		BAE7CD281E76968E00BEF814 /* Info.plist */ = {isa = PBXFileReference; lastKnownFileType = text.plist.xml; path = Info.plist; sourceTree = "<group>"; };
		BAE7CD2D1E76968E00BEF814 /* 百思不得姐Tests.xctest */ = {isa = PBXFileReference; explicitFileType = wrapper.cfbundle; includeInIndex = 0; path = "百思不得姐Tests.xctest"; sourceTree = BUILT_PRODUCTS_DIR; };
		BAE7CD311E76968E00BEF814 /* _____Tests.m */ = {isa = PBXFileReference; lastKnownFileType = sourcecode.c.objc; path = "_____Tests.m"; sourceTree = "<group>"; };
		BAE7CD331E76968E00BEF814 /* Info.plist */ = {isa = PBXFileReference; lastKnownFileType = text.plist.xml; path = Info.plist; sourceTree = "<group>"; };
		BAE7CD381E76968E00BEF814 /* 百思不得姐UITests.xctest */ = {isa = PBXFileReference; explicitFileType = wrapper.cfbundle; includeInIndex = 0; path = "百思不得姐UITests.xctest"; sourceTree = BUILT_PRODUCTS_DIR; };
		BAE7CD3C1E76968E00BEF814 /* _____UITests.m */ = {isa = PBXFileReference; lastKnownFileType = sourcecode.c.objc; path = "_____UITests.m"; sourceTree = "<group>"; };
		BAE7CD3E1E76968E00BEF814 /* Info.plist */ = {isa = PBXFileReference; lastKnownFileType = text.plist.xml; path = Info.plist; sourceTree = "<group>"; };
		BAE7CD641E76E77A00BEF814 /* HD_EssenceViewController.h */ = {isa = PBXFileReference; fileEncoding = 4; lastKnownFileType = sourcecode.c.h; path = HD_EssenceViewController.h; sourceTree = "<group>"; };
		BAE7CD651E76E77A00BEF814 /* HD_EssenceViewController.m */ = {isa = PBXFileReference; fileEncoding = 4; lastKnownFileType = sourcecode.c.objc; path = HD_EssenceViewController.m; sourceTree = "<group>"; };
		BAE7CD6A1E76E77A00BEF814 /* HD_FollowViewController.h */ = {isa = PBXFileReference; fileEncoding = 4; lastKnownFileType = sourcecode.c.h; path = HD_FollowViewController.h; sourceTree = "<group>"; };
		BAE7CD6B1E76E77A00BEF814 /* HD_FollowViewController.m */ = {isa = PBXFileReference; fileEncoding = 4; lastKnownFileType = sourcecode.c.objc; path = HD_FollowViewController.m; sourceTree = "<group>"; };
		BAE7CD701E76E77A00BEF814 /* HD_MeViewController.h */ = {isa = PBXFileReference; fileEncoding = 4; lastKnownFileType = sourcecode.c.h; path = HD_MeViewController.h; sourceTree = "<group>"; };
		BAE7CD711E76E77A00BEF814 /* HD_MeViewController.m */ = {isa = PBXFileReference; fileEncoding = 4; lastKnownFileType = sourcecode.c.objc; path = HD_MeViewController.m; sourceTree = "<group>"; };
		BAE7CD761E76E77A00BEF814 /* HD_NewViewController.h */ = {isa = PBXFileReference; fileEncoding = 4; lastKnownFileType = sourcecode.c.h; path = HD_NewViewController.h; sourceTree = "<group>"; };
		BAE7CD771E76E77A00BEF814 /* HD_NewViewController.m */ = {isa = PBXFileReference; fileEncoding = 4; lastKnownFileType = sourcecode.c.objc; path = HD_NewViewController.m; sourceTree = "<group>"; };
		BAE7CD7B1E76E77A00BEF814 /* AppDelegate.h */ = {isa = PBXFileReference; fileEncoding = 4; lastKnownFileType = sourcecode.c.h; path = AppDelegate.h; sourceTree = "<group>"; };
		BAE7CD7C1E76E77A00BEF814 /* AppDelegate.m */ = {isa = PBXFileReference; fileEncoding = 4; lastKnownFileType = sourcecode.c.objc; path = AppDelegate.m; sourceTree = "<group>"; };
		BAE7CD7E1E76E77A00BEF814 /* UIView+HD_Extension.h */ = {isa = PBXFileReference; fileEncoding = 4; lastKnownFileType = sourcecode.c.h; path = "UIView+HD_Extension.h"; sourceTree = "<group>"; };
		BAE7CD7F1E76E77A00BEF814 /* UIView+HD_Extension.m */ = {isa = PBXFileReference; fileEncoding = 4; lastKnownFileType = sourcecode.c.objc; path = "UIView+HD_Extension.m"; sourceTree = "<group>"; };
		BAE7CD811E76E77A00BEF814 /* HD_TabBarController.h */ = {isa = PBXFileReference; fileEncoding = 4; lastKnownFileType = sourcecode.c.h; path = HD_TabBarController.h; sourceTree = "<group>"; };
		BAE7CD821E76E77A00BEF814 /* HD_TabBarController.m */ = {isa = PBXFileReference; fileEncoding = 4; lastKnownFileType = sourcecode.c.objc; path = HD_TabBarController.m; sourceTree = "<group>"; };
		BAE7CD831E76E77A00BEF814 /* main.m */ = {isa = PBXFileReference; fileEncoding = 4; lastKnownFileType = sourcecode.c.objc; path = main.m; sourceTree = "<group>"; };
		BAE7CD841E76E77A00BEF814 /* PrefixHeader.pch */ = {isa = PBXFileReference; fileEncoding = 4; lastKnownFileType = sourcecode.c.h; path = PrefixHeader.pch; sourceTree = "<group>"; };
		BAE7CD861E76E77A00BEF814 /* HD_TabBar.h */ = {isa = PBXFileReference; fileEncoding = 4; lastKnownFileType = sourcecode.c.h; path = HD_TabBar.h; sourceTree = "<group>"; };
		BAE7CD871E76E77A00BEF814 /* HD_TabBar.m */ = {isa = PBXFileReference; fileEncoding = 4; lastKnownFileType = sourcecode.c.objc; path = HD_TabBar.m; sourceTree = "<group>"; };
		BAE7CD911E76F10600BEF814 /* HD_ItemManager.h */ = {isa = PBXFileReference; fileEncoding = 4; lastKnownFileType = sourcecode.c.h; path = HD_ItemManager.h; sourceTree = "<group>"; };
		BAE7CD921E76F10600BEF814 /* HD_ItemManager.m */ = {isa = PBXFileReference; fileEncoding = 4; lastKnownFileType = sourcecode.c.objc; path = HD_ItemManager.m; sourceTree = "<group>"; };
		BAE7CD941E76F84500BEF814 /* HD_BaseViewController.h */ = {isa = PBXFileReference; fileEncoding = 4; lastKnownFileType = sourcecode.c.h; path = HD_BaseViewController.h; sourceTree = "<group>"; };
		BAE7CD951E76F84500BEF814 /* HD_BaseViewController.m */ = {isa = PBXFileReference; fileEncoding = 4; lastKnownFileType = sourcecode.c.objc; path = HD_BaseViewController.m; sourceTree = "<group>"; };
/* End PBXFileReference section */

/* Begin PBXFrameworksBuildPhase section */
		BAE7CD111E76968E00BEF814 /* Frameworks */ = {
			isa = PBXFrameworksBuildPhase;
			buildActionMask = 2147483647;
			files = (
			);
			runOnlyForDeploymentPostprocessing = 0;
		};
		BAE7CD2A1E76968E00BEF814 /* Frameworks */ = {
			isa = PBXFrameworksBuildPhase;
			buildActionMask = 2147483647;
			files = (
			);
			runOnlyForDeploymentPostprocessing = 0;
		};
		BAE7CD351E76968E00BEF814 /* Frameworks */ = {
			isa = PBXFrameworksBuildPhase;
			buildActionMask = 2147483647;
			files = (
			);
			runOnlyForDeploymentPostprocessing = 0;
		};
/* End PBXFrameworksBuildPhase section */

/* Begin PBXGroup section */
		BAE7CD0B1E76968D00BEF814 = {
			isa = PBXGroup;
			children = (
				BAE7CD161E76968E00BEF814 /* 百思不得姐 */,
				BAE7CD301E76968E00BEF814 /* 百思不得姐Tests */,
				BAE7CD3B1E76968E00BEF814 /* 百思不得姐UITests */,
				BAE7CD151E76968E00BEF814 /* Products */,
			);
			sourceTree = "<group>";
		};
		BAE7CD151E76968E00BEF814 /* Products */ = {
			isa = PBXGroup;
			children = (
				BAE7CD141E76968E00BEF814 /* 百思不得姐.app */,
				BAE7CD2D1E76968E00BEF814 /* 百思不得姐Tests.xctest */,
				BAE7CD381E76968E00BEF814 /* 百思不得姐UITests.xctest */,
			);
			name = Products;
			sourceTree = "<group>";
		};
		BAE7CD161E76968E00BEF814 /* 百思不得姐 */ = {
			isa = PBXGroup;
			children = (
				BAE7CD611E76E77A00BEF814 /* Classes */,
				BAE7CD171E76968E00BEF814 /* Supporting Files */,
			);
			path = "百思不得姐";
			sourceTree = "<group>";
		};
		BAE7CD171E76968E00BEF814 /* Supporting Files */ = {
			isa = PBXGroup;
			children = (
				BAE7CD231E76968E00BEF814 /* Assets.xcassets */,
				BAE7CD201E76968E00BEF814 /* Main.storyboard */,
				BAE7CD281E76968E00BEF814 /* Info.plist */,
			);
			name = "Supporting Files";
			sourceTree = "<group>";
		};
		BAE7CD301E76968E00BEF814 /* 百思不得姐Tests */ = {
			isa = PBXGroup;
			children = (
				BAE7CD311E76968E00BEF814 /* _____Tests.m */,
				BAE7CD331E76968E00BEF814 /* Info.plist */,
			);
			path = "百思不得姐Tests";
			sourceTree = "<group>";
		};
		BAE7CD3B1E76968E00BEF814 /* 百思不得姐UITests */ = {
			isa = PBXGroup;
			children = (
				BAE7CD3C1E76968E00BEF814 /* _____UITests.m */,
				BAE7CD3E1E76968E00BEF814 /* Info.plist */,
			);
			path = "百思不得姐UITests";
			sourceTree = "<group>";
		};
		BAE7CD611E76E77A00BEF814 /* Classes */ = {
			isa = PBXGroup;
			children = (
				BAE7CD621E76E77A00BEF814 /* Essence-精华 */,
				BAE7CD681E76E77A00BEF814 /* Follow-关注 */,
				BAE7CD6E1E76E77A00BEF814 /* Me-我 */,
				BAE7CD741E76E77A00BEF814 /* New-新帖 */,
				BAE7CD7A1E76E77A00BEF814 /* Other-其他 */,
			);
			path = Classes;
			sourceTree = "<group>";
		};
		BAE7CD621E76E77A00BEF814 /* Essence-精华 */ = {
			isa = PBXGroup;
			children = (
				BAE7CD631E76E77A00BEF814 /* Controller */,
				BAE7CD661E76E77A00BEF814 /* Model */,
				BAE7CD671E76E77A00BEF814 /* View */,
			);
			path = "Essence-精华";
			sourceTree = "<group>";
		};
		BAE7CD631E76E77A00BEF814 /* Controller */ = {
			isa = PBXGroup;
			children = (
				BAE7CD641E76E77A00BEF814 /* HD_EssenceViewController.h */,
				BAE7CD651E76E77A00BEF814 /* HD_EssenceViewController.m */,
			);
			path = Controller;
			sourceTree = "<group>";
		};
		BAE7CD661E76E77A00BEF814 /* Model */ = {
			isa = PBXGroup;
			children = (
			);
			path = Model;
			sourceTree = "<group>";
		};
		BAE7CD671E76E77A00BEF814 /* View */ = {
			isa = PBXGroup;
			children = (
			);
			path = View;
			sourceTree = "<group>";
		};
		BAE7CD681E76E77A00BEF814 /* Follow-关注 */ = {
			isa = PBXGroup;
			children = (
				BAE7CD691E76E77A00BEF814 /* Controller */,
				BAE7CD6C1E76E77A00BEF814 /* Model */,
				BAE7CD6D1E76E77A00BEF814 /* View */,
			);
			path = "Follow-关注";
			sourceTree = "<group>";
		};
		BAE7CD691E76E77A00BEF814 /* Controller */ = {
			isa = PBXGroup;
			children = (
				BAE7CD6A1E76E77A00BEF814 /* HD_FollowViewController.h */,
				BAE7CD6B1E76E77A00BEF814 /* HD_FollowViewController.m */,
			);
			path = Controller;
			sourceTree = "<group>";
		};
		BAE7CD6C1E76E77A00BEF814 /* Model */ = {
			isa = PBXGroup;
			children = (
			);
			path = Model;
			sourceTree = "<group>";
		};
		BAE7CD6D1E76E77A00BEF814 /* View */ = {
			isa = PBXGroup;
			children = (
			);
			path = View;
			sourceTree = "<group>";
		};
		BAE7CD6E1E76E77A00BEF814 /* Me-我 */ = {
			isa = PBXGroup;
			children = (
				BAE7CD6F1E76E77A00BEF814 /* Controller */,
				BAE7CD721E76E77A00BEF814 /* Model */,
				BAE7CD731E76E77A00BEF814 /* View */,
			);
			path = "Me-我";
			sourceTree = "<group>";
		};
		BAE7CD6F1E76E77A00BEF814 /* Controller */ = {
			isa = PBXGroup;
			children = (
				BAE7CD701E76E77A00BEF814 /* HD_MeViewController.h */,
				BAE7CD711E76E77A00BEF814 /* HD_MeViewController.m */,
			);
			path = Controller;
			sourceTree = "<group>";
		};
		BAE7CD721E76E77A00BEF814 /* Model */ = {
			isa = PBXGroup;
			children = (
			);
			path = Model;
			sourceTree = "<group>";
		};
		BAE7CD731E76E77A00BEF814 /* View */ = {
			isa = PBXGroup;
			children = (
			);
			path = View;
			sourceTree = "<group>";
		};
		BAE7CD741E76E77A00BEF814 /* New-新帖 */ = {
			isa = PBXGroup;
			children = (
				BAE7CD751E76E77A00BEF814 /* Controller */,
				BAE7CD781E76E77A00BEF814 /* Model */,
				BAE7CD791E76E77A00BEF814 /* View */,
			);
			path = "New-新帖";
			sourceTree = "<group>";
		};
		BAE7CD751E76E77A00BEF814 /* Controller */ = {
			isa = PBXGroup;
			children = (
				BAE7CD761E76E77A00BEF814 /* HD_NewViewController.h */,
				BAE7CD771E76E77A00BEF814 /* HD_NewViewController.m */,
			);
			path = Controller;
			sourceTree = "<group>";
		};
		BAE7CD781E76E77A00BEF814 /* Model */ = {
			isa = PBXGroup;
			children = (
			);
			path = Model;
			sourceTree = "<group>";
		};
		BAE7CD791E76E77A00BEF814 /* View */ = {
			isa = PBXGroup;
			children = (
			);
			path = View;
			sourceTree = "<group>";
		};
		BAE7CD7A1E76E77A00BEF814 /* Other-其他 */ = {
			isa = PBXGroup;
			children = (
				BAE7CD7B1E76E77A00BEF814 /* AppDelegate.h */,
				BAE7CD7C1E76E77A00BEF814 /* AppDelegate.m */,
				BAE7CD7D1E76E77A00BEF814 /* Category */,
				BAE7CD801E76E77A00BEF814 /* Controller */,
				BAE7CD831E76E77A00BEF814 /* main.m */,
				BAE7CD841E76E77A00BEF814 /* PrefixHeader.pch */,
				BAE7CD851E76E77A00BEF814 /* View */,
				BAE7CD911E76F10600BEF814 /* HD_ItemManager.h */,
				BAE7CD921E76F10600BEF814 /* HD_ItemManager.m */,
				BAE7CD941E76F84500BEF814 /* HD_BaseViewController.h */,
				BAE7CD951E76F84500BEF814 /* HD_BaseViewController.m */,
			);
			path = "Other-其他";
			sourceTree = "<group>";
		};
		BAE7CD7D1E76E77A00BEF814 /* Category */ = {
			isa = PBXGroup;
			children = (
				BAE7CD7E1E76E77A00BEF814 /* UIView+HD_Extension.h */,
				BAE7CD7F1E76E77A00BEF814 /* UIView+HD_Extension.m */,
			);
			path = Category;
			sourceTree = "<group>";
		};
		BAE7CD801E76E77A00BEF814 /* Controller */ = {
			isa = PBXGroup;
			children = (
				BAE7CD811E76E77A00BEF814 /* HD_TabBarController.h */,
				BAE7CD821E76E77A00BEF814 /* HD_TabBarController.m */,
			);
			path = Controller;
			sourceTree = "<group>";
		};
		BAE7CD851E76E77A00BEF814 /* View */ = {
			isa = PBXGroup;
			children = (
				BAE7CD861E76E77A00BEF814 /* HD_TabBar.h */,
				BAE7CD871E76E77A00BEF814 /* HD_TabBar.m */,
			);
			path = View;
			sourceTree = "<group>";
		};
/* End PBXGroup section */

/* Begin PBXNativeTarget section */
		BAE7CD131E76968E00BEF814 /* 百思不得姐 */ = {
			isa = PBXNativeTarget;
			buildConfigurationList = BAE7CD411E76968E00BEF814 /* Build configuration list for PBXNativeTarget "百思不得姐" */;
			buildPhases = (
				BAE7CD101E76968E00BEF814 /* Sources */,
				BAE7CD111E76968E00BEF814 /* Frameworks */,
				BAE7CD121E76968E00BEF814 /* Resources */,
			);
			buildRules = (
			);
			dependencies = (
			);
			name = "百思不得姐";
			productName = "百思不得姐";
			productReference = BAE7CD141E76968E00BEF814 /* 百思不得姐.app */;
			productType = "com.apple.product-type.application";
		};
		BAE7CD2C1E76968E00BEF814 /* 百思不得姐Tests */ = {
			isa = PBXNativeTarget;
			buildConfigurationList = BAE7CD441E76968E00BEF814 /* Build configuration list for PBXNativeTarget "百思不得姐Tests" */;
			buildPhases = (
				BAE7CD291E76968E00BEF814 /* Sources */,
				BAE7CD2A1E76968E00BEF814 /* Frameworks */,
				BAE7CD2B1E76968E00BEF814 /* Resources */,
			);
			buildRules = (
			);
			dependencies = (
				BAE7CD2F1E76968E00BEF814 /* PBXTargetDependency */,
			);
			name = "百思不得姐Tests";
			productName = "百思不得姐Tests";
			productReference = BAE7CD2D1E76968E00BEF814 /* 百思不得姐Tests.xctest */;
			productType = "com.apple.product-type.bundle.unit-test";
		};
		BAE7CD371E76968E00BEF814 /* 百思不得姐UITests */ = {
			isa = PBXNativeTarget;
			buildConfigurationList = BAE7CD471E76968E00BEF814 /* Build configuration list for PBXNativeTarget "百思不得姐UITests" */;
			buildPhases = (
				BAE7CD341E76968E00BEF814 /* Sources */,
				BAE7CD351E76968E00BEF814 /* Frameworks */,
				BAE7CD361E76968E00BEF814 /* Resources */,
			);
			buildRules = (
			);
			dependencies = (
				BAE7CD3A1E76968E00BEF814 /* PBXTargetDependency */,
			);
			name = "百思不得姐UITests";
			productName = "百思不得姐UITests";
			productReference = BAE7CD381E76968E00BEF814 /* 百思不得姐UITests.xctest */;
			productType = "com.apple.product-type.bundle.ui-testing";
		};
/* End PBXNativeTarget section */

/* Begin PBXProject section */
		BAE7CD0C1E76968D00BEF814 /* Project object */ = {
			isa = PBXProject;
			attributes = {
				CLASSPREFIX = HD_;
				LastUpgradeCheck = 0820;
				ORGANIZATIONNAME = hedada;
				TargetAttributes = {
					BAE7CD131E76968E00BEF814 = {
						CreatedOnToolsVersion = 8.2.1;
						ProvisioningStyle = Automatic;
					};
					BAE7CD2C1E76968E00BEF814 = {
						CreatedOnToolsVersion = 8.2.1;
						ProvisioningStyle = Automatic;
						TestTargetID = BAE7CD131E76968E00BEF814;
					};
					BAE7CD371E76968E00BEF814 = {
						CreatedOnToolsVersion = 8.2.1;
						ProvisioningStyle = Automatic;
						TestTargetID = BAE7CD131E76968E00BEF814;
					};
				};
			};
			buildConfigurationList = BAE7CD0F1E76968D00BEF814 /* Build configuration list for PBXProject "百思不得姐" */;
			compatibilityVersion = "Xcode 3.2";
			developmentRegion = English;
			hasScannedForEncodings = 0;
			knownRegions = (
				en,
				Base,
			);
			mainGroup = BAE7CD0B1E76968D00BEF814;
			productRefGroup = BAE7CD151E76968E00BEF814 /* Products */;
			projectDirPath = "";
			projectRoot = "";
			targets = (
				BAE7CD131E76968E00BEF814 /* 百思不得姐 */,
				BAE7CD2C1E76968E00BEF814 /* 百思不得姐Tests */,
				BAE7CD371E76968E00BEF814 /* 百思不得姐UITests */,
			);
		};
/* End PBXProject section */

/* Begin PBXResourcesBuildPhase section */
		BAE7CD121E76968E00BEF814 /* Resources */ = {
			isa = PBXResourcesBuildPhase;
			buildActionMask = 2147483647;
			files = (
				BAE7CD241E76968E00BEF814 /* Assets.xcassets in Resources */,
				BAE7CD221E76968E00BEF814 /* Main.storyboard in Resources */,
			);
			runOnlyForDeploymentPostprocessing = 0;
		};
		BAE7CD2B1E76968E00BEF814 /* Resources */ = {
			isa = PBXResourcesBuildPhase;
			buildActionMask = 2147483647;
			files = (
			);
			runOnlyForDeploymentPostprocessing = 0;
		};
		BAE7CD361E76968E00BEF814 /* Resources */ = {
			isa = PBXResourcesBuildPhase;
			buildActionMask = 2147483647;
			files = (
			);
			runOnlyForDeploymentPostprocessing = 0;
		};
/* End PBXResourcesBuildPhase section */

/* Begin PBXSourcesBuildPhase section */
		BAE7CD101E76968E00BEF814 /* Sources */ = {
			isa = PBXSourcesBuildPhase;
			buildActionMask = 2147483647;
			files = (
				BAE7CD8E1E76E77A00BEF814 /* HD_TabBarController.m in Sources */,
				BAE7CD8A1E76E77A00BEF814 /* HD_MeViewController.m in Sources */,
				BAE7CD931E76F10600BEF814 /* HD_ItemManager.m in Sources */,
				BAE7CD8B1E76E77A00BEF814 /* HD_NewViewController.m in Sources */,
				BAE7CD881E76E77A00BEF814 /* HD_EssenceViewController.m in Sources */,
				BAE7CD891E76E77A00BEF814 /* HD_FollowViewController.m in Sources */,
				BAE7CD961E76F84500BEF814 /* HD_BaseViewController.m in Sources */,
				BAE7CD8D1E76E77A00BEF814 /* UIView+HD_Extension.m in Sources */,
				BAE7CD901E76E77A00BEF814 /* HD_TabBar.m in Sources */,
				BAE7CD8F1E76E77A00BEF814 /* main.m in Sources */,
				BAE7CD8C1E76E77A00BEF814 /* AppDelegate.m in Sources */,
			);
			runOnlyForDeploymentPostprocessing = 0;
		};
		BAE7CD291E76968E00BEF814 /* Sources */ = {
			isa = PBXSourcesBuildPhase;
			buildActionMask = 2147483647;
			files = (
				BAE7CD321E76968E00BEF814 /* _____Tests.m in Sources */,
			);
			runOnlyForDeploymentPostprocessing = 0;
		};
		BAE7CD341E76968E00BEF814 /* Sources */ = {
			isa = PBXSourcesBuildPhase;
			buildActionMask = 2147483647;
			files = (
				BAE7CD3D1E76968E00BEF814 /* _____UITests.m in Sources */,
			);
			runOnlyForDeploymentPostprocessing = 0;
		};
/* End PBXSourcesBuildPhase section */

/* Begin PBXTargetDependency section */
		BAE7CD2F1E76968E00BEF814 /* PBXTargetDependency */ = {
			isa = PBXTargetDependency;
			target = BAE7CD131E76968E00BEF814 /* 百思不得姐 */;
			targetProxy = BAE7CD2E1E76968E00BEF814 /* PBXContainerItemProxy */;
		};
		BAE7CD3A1E76968E00BEF814 /* PBXTargetDependency */ = {
			isa = PBXTargetDependency;
			target = BAE7CD131E76968E00BEF814 /* 百思不得姐 */;
			targetProxy = BAE7CD391E76968E00BEF814 /* PBXContainerItemProxy */;
		};
/* End PBXTargetDependency section */

/* Begin PBXVariantGroup section */
		BAE7CD201E76968E00BEF814 /* Main.storyboard */ = {
			isa = PBXVariantGroup;
			children = (
				BAE7CD211E76968E00BEF814 /* Base */,
			);
			name = Main.storyboard;
			sourceTree = "<group>";
		};
/* End PBXVariantGroup section */

/* Begin XCBuildConfiguration section */
		BAE7CD3F1E76968E00BEF814 /* Debug */ = {
			isa = XCBuildConfiguration;
			buildSettings = {
				ALWAYS_SEARCH_USER_PATHS = NO;
				CLANG_ANALYZER_NONNULL = YES;
				CLANG_CXX_LANGUAGE_STANDARD = "gnu++0x";
				CLANG_CXX_LIBRARY = "libc++";
				CLANG_ENABLE_MODULES = YES;
				CLANG_ENABLE_OBJC_ARC = YES;
				CLANG_WARN_BOOL_CONVERSION = YES;
				CLANG_WARN_CONSTANT_CONVERSION = YES;
				CLANG_WARN_DIRECT_OBJC_ISA_USAGE = YES_ERROR;
				CLANG_WARN_DOCUMENTATION_COMMENTS = YES;
				CLANG_WARN_EMPTY_BODY = YES;
				CLANG_WARN_ENUM_CONVERSION = YES;
				CLANG_WARN_INFINITE_RECURSION = YES;
				CLANG_WARN_INT_CONVERSION = YES;
				CLANG_WARN_OBJC_ROOT_CLASS = YES_ERROR;
				CLANG_WARN_SUSPICIOUS_MOVE = YES;
				CLANG_WARN_UNREACHABLE_CODE = YES;
				CLANG_WARN__DUPLICATE_METHOD_MATCH = YES;
				"CODE_SIGN_IDENTITY[sdk=iphoneos*]" = "iPhone Developer";
				COPY_PHASE_STRIP = NO;
				DEBUG_INFORMATION_FORMAT = dwarf;
				ENABLE_STRICT_OBJC_MSGSEND = YES;
				ENABLE_TESTABILITY = YES;
				GCC_C_LANGUAGE_STANDARD = gnu99;
				GCC_DYNAMIC_NO_PIC = NO;
				GCC_NO_COMMON_BLOCKS = YES;
				GCC_OPTIMIZATION_LEVEL = 0;
				GCC_PREPROCESSOR_DEFINITIONS = (
					"DEBUG=1",
					"$(inherited)",
				);
				GCC_WARN_64_TO_32_BIT_CONVERSION = YES;
				GCC_WARN_ABOUT_RETURN_TYPE = YES_ERROR;
				GCC_WARN_UNDECLARED_SELECTOR = YES;
				GCC_WARN_UNINITIALIZED_AUTOS = YES_AGGRESSIVE;
				GCC_WARN_UNUSED_FUNCTION = YES;
				GCC_WARN_UNUSED_VARIABLE = YES;
				IPHONEOS_DEPLOYMENT_TARGET = 10.2;
				MTL_ENABLE_DEBUG_INFO = YES;
				ONLY_ACTIVE_ARCH = YES;
				SDKROOT = iphoneos;
			};
			name = Debug;
		};
		BAE7CD401E76968E00BEF814 /* Release */ = {
			isa = XCBuildConfiguration;
			buildSettings = {
				ALWAYS_SEARCH_USER_PATHS = NO;
				CLANG_ANALYZER_NONNULL = YES;
				CLANG_CXX_LANGUAGE_STANDARD = "gnu++0x";
				CLANG_CXX_LIBRARY = "libc++";
				CLANG_ENABLE_MODULES = YES;
				CLANG_ENABLE_OBJC_ARC = YES;
				CLANG_WARN_BOOL_CONVERSION = YES;
				CLANG_WARN_CONSTANT_CONVERSION = YES;
				CLANG_WARN_DIRECT_OBJC_ISA_USAGE = YES_ERROR;
				CLANG_WARN_DOCUMENTATION_COMMENTS = YES;
				CLANG_WARN_EMPTY_BODY = YES;
				CLANG_WARN_ENUM_CONVERSION = YES;
				CLANG_WARN_INFINITE_RECURSION = YES;
				CLANG_WARN_INT_CONVERSION = YES;
				CLANG_WARN_OBJC_ROOT_CLASS = YES_ERROR;
				CLANG_WARN_SUSPICIOUS_MOVE = YES;
				CLANG_WARN_UNREACHABLE_CODE = YES;
				CLANG_WARN__DUPLICATE_METHOD_MATCH = YES;
				"CODE_SIGN_IDENTITY[sdk=iphoneos*]" = "iPhone Developer";
				COPY_PHASE_STRIP = NO;
				DEBUG_INFORMATION_FORMAT = "dwarf-with-dsym";
				ENABLE_NS_ASSERTIONS = NO;
				ENABLE_STRICT_OBJC_MSGSEND = YES;
				GCC_C_LANGUAGE_STANDARD = gnu99;
				GCC_NO_COMMON_BLOCKS = YES;
				GCC_WARN_64_TO_32_BIT_CONVERSION = YES;
				GCC_WARN_ABOUT_RETURN_TYPE = YES_ERROR;
				GCC_WARN_UNDECLARED_SELECTOR = YES;
				GCC_WARN_UNINITIALIZED_AUTOS = YES_AGGRESSIVE;
				GCC_WARN_UNUSED_FUNCTION = YES;
				GCC_WARN_UNUSED_VARIABLE = YES;
				IPHONEOS_DEPLOYMENT_TARGET = 10.2;
				MTL_ENABLE_DEBUG_INFO = NO;
				SDKROOT = iphoneos;
				VALIDATE_PRODUCT = YES;
			};
			name = Release;
		};
		BAE7CD421E76968E00BEF814 /* Debug */ = {
			isa = XCBuildConfiguration;
			buildSettings = {
				ASSETCATALOG_COMPILER_APPICON_NAME = AppIcon;
				ASSETCATALOG_COMPILER_LAUNCHIMAGE_NAME = LaunchImage;
				GCC_PREFIX_HEADER = "/Users/hedadamac/Documents/百思不得姐/百思不得姐/Classes/Other-其他/PrefixHeader.pch";
				INFOPLIST_FILE = "百思不得姐/Info.plist";
				LD_RUNPATH_SEARCH_PATHS = "$(inherited) @executable_path/Frameworks";
				PRODUCT_BUNDLE_IDENTIFIER = "heda.-----";
				PRODUCT_NAME = "$(TARGET_NAME)";
			};
			name = Debug;
		};
		BAE7CD431E76968E00BEF814 /* Release */ = {
			isa = XCBuildConfiguration;
			buildSettings = {
				ASSETCATALOG_COMPILER_APPICON_NAME = AppIcon;
				ASSETCATALOG_COMPILER_LAUNCHIMAGE_NAME = LaunchImage;
				GCC_PREFIX_HEADER = "/Users/hedadamac/Documents/百思不得姐/百思不得姐/Classes/Other-其他/PrefixHeader.pch";
				INFOPLIST_FILE = "百思不得姐/Info.plist";
				LD_RUNPATH_SEARCH_PATHS = "$(inherited) @executable_path/Frameworks";
				PRODUCT_BUNDLE_IDENTIFIER = "heda.-----";
				PRODUCT_NAME = "$(TARGET_NAME)";
			};
			name = Release;
		};
		BAE7CD451E76968E00BEF814 /* Debug */ = {
			isa = XCBuildConfiguration;
			buildSettings = {
				BUNDLE_LOADER = "$(TEST_HOST)";
				INFOPLIST_FILE = "百思不得姐Tests/Info.plist";
				LD_RUNPATH_SEARCH_PATHS = "$(inherited) @executable_path/Frameworks @loader_path/Frameworks";
				PRODUCT_BUNDLE_IDENTIFIER = "heda.-----Tests";
				PRODUCT_NAME = "$(TARGET_NAME)";
				TEST_HOST = "$(BUILT_PRODUCTS_DIR)/百思不得姐.app/百思不得姐";
			};
			name = Debug;
		};
		BAE7CD461E76968E00BEF814 /* Release */ = {
			isa = XCBuildConfiguration;
			buildSettings = {
				BUNDLE_LOADER = "$(TEST_HOST)";
				INFOPLIST_FILE = "百思不得姐Tests/Info.plist";
				LD_RUNPATH_SEARCH_PATHS = "$(inherited) @executable_path/Frameworks @loader_path/Frameworks";
				PRODUCT_BUNDLE_IDENTIFIER = "heda.-----Tests";
				PRODUCT_NAME = "$(TARGET_NAME)";
				TEST_HOST = "$(BUILT_PRODUCTS_DIR)/百思不得姐.app/百思不得姐";
			};
			name = Release;
		};
		BAE7CD481E76968E00BEF814 /* Debug */ = {
			isa = XCBuildConfiguration;
			buildSettings = {
				INFOPLIST_FILE = "百思不得姐UITests/Info.plist";
				LD_RUNPATH_SEARCH_PATHS = "$(inherited) @executable_path/Frameworks @loader_path/Frameworks";
				PRODUCT_BUNDLE_IDENTIFIER = "heda.-----UITests";
				PRODUCT_NAME = "$(TARGET_NAME)";
				TEST_TARGET_NAME = "百思不得姐";
			};
			name = Debug;
		};
		BAE7CD491E76968E00BEF814 /* Release */ = {
			isa = XCBuildConfiguration;
			buildSettings = {
				INFOPLIST_FILE = "百思不得姐UITests/Info.plist";
				LD_RUNPATH_SEARCH_PATHS = "$(inherited) @executable_path/Frameworks @loader_path/Frameworks";
				PRODUCT_BUNDLE_IDENTIFIER = "heda.-----UITests";
				PRODUCT_NAME = "$(TARGET_NAME)";
				TEST_TARGET_NAME = "百思不得姐";
			};
			name = Release;
		};
/* End XCBuildConfiguration section */

/* Begin XCConfigurationList section */
		BAE7CD0F1E76968D00BEF814 /* Build configuration list for PBXProject "百思不得姐" */ = {
			isa = XCConfigurationList;
			buildConfigurations = (
				BAE7CD3F1E76968E00BEF814 /* Debug */,
				BAE7CD401E76968E00BEF814 /* Release */,
			);
			defaultConfigurationIsVisible = 0;
			defaultConfigurationName = Release;
		};
		BAE7CD411E76968E00BEF814 /* Build configuration list for PBXNativeTarget "百思不得姐" */ = {
			isa = XCConfigurationList;
			buildConfigurations = (
				BAE7CD421E76968E00BEF814 /* Debug */,
				BAE7CD431E76968E00BEF814 /* Release */,
			);
			defaultConfigurationIsVisible = 0;
		};
		BAE7CD441E76968E00BEF814 /* Build configuration list for PBXNativeTarget "百思不得姐Tests" */ = {
			isa = XCConfigurationList;
			buildConfigurations = (
				BAE7CD451E76968E00BEF814 /* Debug */,
				BAE7CD461E76968E00BEF814 /* Release */,
			);
			defaultConfigurationIsVisible = 0;
		};
		BAE7CD471E76968E00BEF814 /* Build configuration list for PBXNativeTarget "百思不得姐UITests" */ = {
			isa = XCConfigurationList;
			buildConfigurations = (
				BAE7CD481E76968E00BEF814 /* Debug */,
				BAE7CD491E76968E00BEF814 /* Release */,
			);
			defaultConfigurationIsVisible = 0;
		};
/* End XCConfigurationList section */
	};
	rootObject = BAE7CD0C1E76968D00BEF814 /* Project object */;
}
